// !$*UTF8*$!
{
	archiveVersion = 1;
	classes = {
	};
	objectVersion = 46;
	objects = {

/* Begin PBXBuildFile section */
		47FE990114FAE0840076775C /* UIKit.framework in Frameworks */ = {isa = PBXBuildFile; fileRef = 47FE990014FAE0840076775C /* UIKit.framework */; };
		47FE990314FAE0840076775C /* Foundation.framework in Frameworks */ = {isa = PBXBuildFile; fileRef = 47FE990214FAE0840076775C /* Foundation.framework */; };
		47FE990514FAE0840076775C /* CoreGraphics.framework in Frameworks */ = {isa = PBXBuildFile; fileRef = 47FE990414FAE0840076775C /* CoreGraphics.framework */; };
		47FE990B14FAE0840076775C /* InfoPlist.strings in Resources */ = {isa = PBXBuildFile; fileRef = 47FE990914FAE0840076775C /* InfoPlist.strings */; };
		47FE990D14FAE0840076775C /* main.m in Sources */ = {isa = PBXBuildFile; fileRef = 47FE990C14FAE0840076775C /* main.m */; };
		47FE991114FAE0840076775C /* AppDelegate.m in Sources */ = {isa = PBXBuildFile; fileRef = 47FE991014FAE0840076775C /* AppDelegate.m */; };
		47FE991414FAE0840076775C /* ViewController.m in Sources */ = {isa = PBXBuildFile; fileRef = 47FE991314FAE0840076775C /* ViewController.m */; };
		47FE991714FAE0840076775C /* ViewController.xib in Resources */ = {isa = PBXBuildFile; fileRef = 47FE991514FAE0840076775C /* ViewController.xib */; };
		47FE997D14FAE6BB0076775C /* libSpinnerView.a in Frameworks */ = {isa = PBXBuildFile; fileRef = 47FE995E14FAE0FF0076775C /* libSpinnerView.a */; };
		47FE998314FAF2B80076775C /* SpinnerView.bundle in Resources */ = {isa = PBXBuildFile; fileRef = 47FE998214FAF2B80076775C /* SpinnerView.bundle */; };
/* End PBXBuildFile section */

/* Begin PBXContainerItemProxy section */
		47FE995D14FAE0FF0076775C /* PBXContainerItemProxy */ = {
			isa = PBXContainerItemProxy;
			containerPortal = 47FE995914FAE0FE0076775C /* SpinnerView.xcodeproj */;
			proxyType = 2;
			remoteGlobalIDString = 47FE994914FAE0FE0076775C;
			remoteInfo = SpinnerView;
		};
		47FE995F14FAE1120076775C /* PBXContainerItemProxy */ = {
			isa = PBXContainerItemProxy;
			containerPortal = 47FE995914FAE0FE0076775C /* SpinnerView.xcodeproj */;
			proxyType = 1;
			remoteGlobalIDString = 47FE994814FAE0FE0076775C;
			remoteInfo = SpinnerView;
		};
/* End PBXContainerItemProxy section */

/* Begin PBXFileReference section */
		47FE98FC14FAE0840076775C /* SpinnerDemo.app */ = {isa = PBXFileReference; explicitFileType = wrapper.application; includeInIndex = 0; path = SpinnerDemo.app; sourceTree = BUILT_PRODUCTS_DIR; };
		47FE990014FAE0840076775C /* UIKit.framework */ = {isa = PBXFileReference; lastKnownFileType = wrapper.framework; name = UIKit.framework; path = System/Library/Frameworks/UIKit.framework; sourceTree = SDKROOT; };
		47FE990214FAE0840076775C /* Foundation.framework */ = {isa = PBXFileReference; lastKnownFileType = wrapper.framework; name = Foundation.framework; path = System/Library/Frameworks/Foundation.framework; sourceTree = SDKROOT; };
		47FE990414FAE0840076775C /* CoreGraphics.framework */ = {isa = PBXFileReference; lastKnownFileType = wrapper.framework; name = CoreGraphics.framework; path = System/Library/Frameworks/CoreGraphics.framework; sourceTree = SDKROOT; };
		47FE990814FAE0840076775C /* SpinnerDemo-Info.plist */ = {isa = PBXFileReference; lastKnownFileType = text.plist.xml; path = "SpinnerDemo-Info.plist"; sourceTree = "<group>"; };
		47FE990A14FAE0840076775C /* en */ = {isa = PBXFileReference; lastKnownFileType = text.plist.strings; name = en; path = en.lproj/InfoPlist.strings; sourceTree = "<group>"; };
		47FE990C14FAE0840076775C /* main.m */ = {isa = PBXFileReference; lastKnownFileType = sourcecode.c.objc; path = main.m; sourceTree = "<group>"; };
		47FE990E14FAE0840076775C /* SpinnerDemo-Prefix.pch */ = {isa = PBXFileReference; lastKnownFileType = sourcecode.c.h; path = "SpinnerDemo-Prefix.pch"; sourceTree = "<group>"; };
		47FE990F14FAE0840076775C /* AppDelegate.h */ = {isa = PBXFileReference; lastKnownFileType = sourcecode.c.h; path = AppDelegate.h; sourceTree = "<group>"; };
		47FE991014FAE0840076775C /* AppDelegate.m */ = {isa = PBXFileReference; lastKnownFileType = sourcecode.c.objc; path = AppDelegate.m; sourceTree = "<group>"; };
		47FE991214FAE0840076775C /* ViewController.h */ = {isa = PBXFileReference; lastKnownFileType = sourcecode.c.h; path = ViewController.h; sourceTree = "<group>"; };
		47FE991314FAE0840076775C /* ViewController.m */ = {isa = PBXFileReference; lastKnownFileType = sourcecode.c.objc; path = ViewController.m; sourceTree = "<group>"; };
		47FE991614FAE0840076775C /* en */ = {isa = PBXFileReference; lastKnownFileType = file.xib; name = en; path = en.lproj/ViewController.xib; sourceTree = "<group>"; };
		47FE995914FAE0FE0076775C /* SpinnerView.xcodeproj */ = {isa = PBXFileReference; lastKnownFileType = "wrapper.pb-project"; name = SpinnerView.xcodeproj; path = ../SpinnerView/SpinnerView.xcodeproj; sourceTree = "<group>"; };
		47FE998214FAF2B80076775C /* SpinnerView.bundle */ = {isa = PBXFileReference; lastKnownFileType = "wrapper.plug-in"; name = SpinnerView.bundle; path = ../../Shared/SpinnerView.bundle; sourceTree = "<group>"; };
/* End PBXFileReference section */

/* Begin PBXFrameworksBuildPhase section */
		47FE98F914FAE0840076775C /* Frameworks */ = {
			isa = PBXFrameworksBuildPhase;
			buildActionMask = 2147483647;
			files = (
				47FE997D14FAE6BB0076775C /* libSpinnerView.a in Frameworks */,
				47FE990114FAE0840076775C /* UIKit.framework in Frameworks */,
				47FE990314FAE0840076775C /* Foundation.framework in Frameworks */,
				47FE990514FAE0840076775C /* CoreGraphics.framework in Frameworks */,
			);
			runOnlyForDeploymentPostprocessing = 0;
		};
/* End PBXFrameworksBuildPhase section */

/* Begin PBXGroup section */
		47FE98F114FAE0840076775C = {
			isa = PBXGroup;
			children = (
				47FE990614FAE0840076775C /* SpinnerDemo */,
				47FE98FF14FAE0840076775C /* Frameworks */,
				47FE98FD14FAE0840076775C /* Products */,
			);
			sourceTree = "<group>";
		};
		47FE98FD14FAE0840076775C /* Products */ = {
			isa = PBXGroup;
			children = (
				47FE98FC14FAE0840076775C /* SpinnerDemo.app */,
			);
			name = Products;
			sourceTree = "<group>";
		};
		47FE98FF14FAE0840076775C /* Frameworks */ = {
			isa = PBXGroup;
			children = (
				47FE995914FAE0FE0076775C /* SpinnerView.xcodeproj */,
				47FE990014FAE0840076775C /* UIKit.framework */,
				47FE990214FAE0840076775C /* Foundation.framework */,
				47FE990414FAE0840076775C /* CoreGraphics.framework */,
			);
			name = Frameworks;
			sourceTree = "<group>";
		};
		47FE990614FAE0840076775C /* SpinnerDemo */ = {
			isa = PBXGroup;
			children = (
				47FE990F14FAE0840076775C /* AppDelegate.h */,
				47FE991014FAE0840076775C /* AppDelegate.m */,
				47FE991214FAE0840076775C /* ViewController.h */,
				47FE991314FAE0840076775C /* ViewController.m */,
				47FE991514FAE0840076775C /* ViewController.xib */,
				47FE998414FAF2BB0076775C /* Resources */,
				47FE990714FAE0840076775C /* Supporting Files */,
			);
			path = SpinnerDemo;
			sourceTree = "<group>";
		};
		47FE990714FAE0840076775C /* Supporting Files */ = {
			isa = PBXGroup;
			children = (
				47FE990814FAE0840076775C /* SpinnerDemo-Info.plist */,
				47FE990914FAE0840076775C /* InfoPlist.strings */,
				47FE990C14FAE0840076775C /* main.m */,
				47FE990E14FAE0840076775C /* SpinnerDemo-Prefix.pch */,
			);
			name = "Supporting Files";
			sourceTree = "<group>";
		};
		47FE995A14FAE0FE0076775C /* Products */ = {
			isa = PBXGroup;
			children = (
				47FE995E14FAE0FF0076775C /* libSpinnerView.a */,
			);
			name = Products;
			sourceTree = "<group>";
		};
		47FE998414FAF2BB0076775C /* Resources */ = {
			isa = PBXGroup;
			children = (
				47FE998214FAF2B80076775C /* SpinnerView.bundle */,
			);
			name = Resources;
			sourceTree = "<group>";
		};
/* End PBXGroup section */

/* Begin PBXNativeTarget section */
		47FE98FB14FAE0840076775C /* SpinnerDemo */ = {
			isa = PBXNativeTarget;
			buildConfigurationList = 47FE991A14FAE0840076775C /* Build configuration list for PBXNativeTarget "SpinnerDemo" */;
			buildPhases = (
				47FE98F814FAE0840076775C /* Sources */,
				47FE98F914FAE0840076775C /* Frameworks */,
				47FE98FA14FAE0840076775C /* Resources */,
			);
			buildRules = (
			);
			dependencies = (
				47FE996014FAE1120076775C /* PBXTargetDependency */,
			);
			name = SpinnerDemo;
			productName = SpinnerDemo;
			productReference = 47FE98FC14FAE0840076775C /* SpinnerDemo.app */;
			productType = "com.apple.product-type.application";
		};
/* End PBXNativeTarget section */

/* Begin PBXProject section */
		47FE98F314FAE0840076775C /* Project object */ = {
			isa = PBXProject;
			attributes = {
				LastUpgradeCheck = 0430;
			};
			buildConfigurationList = 47FE98F614FAE0840076775C /* Build configuration list for PBXProject "SpinnerDemo" */;
			compatibilityVersion = "Xcode 3.2";
			developmentRegion = English;
			hasScannedForEncodings = 0;
			knownRegions = (
				en,
			);
			mainGroup = 47FE98F114FAE0840076775C;
			productRefGroup = 47FE98FD14FAE0840076775C /* Products */;
			projectDirPath = "";
			projectReferences = (
				{
					ProductGroup = 47FE995A14FAE0FE0076775C /* Products */;
					ProjectRef = 47FE995914FAE0FE0076775C /* SpinnerView.xcodeproj */;
				},
			);
			projectRoot = "";
			targets = (
				47FE98FB14FAE0840076775C /* SpinnerDemo */,
			);
		};
/* End PBXProject section */

/* Begin PBXReferenceProxy section */
		47FE995E14FAE0FF0076775C /* libSpinnerView.a */ = {
			isa = PBXReferenceProxy;
			fileType = archive.ar;
			path = libSpinnerView.a;
			remoteRef = 47FE995D14FAE0FF0076775C /* PBXContainerItemProxy */;
			sourceTree = BUILT_PRODUCTS_DIR;
		};
/* End PBXReferenceProxy section */

/* Begin PBXResourcesBuildPhase section */
		47FE98FA14FAE0840076775C /* Resources */ = {
			isa = PBXResourcesBuildPhase;
			buildActionMask = 2147483647;
			files = (
				47FE990B14FAE0840076775C /* InfoPlist.strings in Resources */,
				47FE991714FAE0840076775C /* ViewController.xib in Resources */,
				47FE998314FAF2B80076775C /* SpinnerView.bundle in Resources */,
			);
			runOnlyForDeploymentPostprocessing = 0;
		};
/* End PBXResourcesBuildPhase section */

/* Begin PBXSourcesBuildPhase section */
		47FE98F814FAE0840076775C /* Sources */ = {
			isa = PBXSourcesBuildPhase;
			buildActionMask = 2147483647;
			files = (
				47FE990D14FAE0840076775C /* main.m in Sources */,
				47FE991114FAE0840076775C /* AppDelegate.m in Sources */,
				47FE991414FAE0840076775C /* ViewController.m in Sources */,
			);
			runOnlyForDeploymentPostprocessing = 0;
		};
/* End PBXSourcesBuildPhase section */

/* Begin PBXTargetDependency section */
		47FE996014FAE1120076775C /* PBXTargetDependency */ = {
			isa = PBXTargetDependency;
			name = SpinnerView;
			targetProxy = 47FE995F14FAE1120076775C /* PBXContainerItemProxy */;
		};
/* End PBXTargetDependency section */

/* Begin PBXVariantGroup section */
		47FE990914FAE0840076775C /* InfoPlist.strings */ = {
			isa = PBXVariantGroup;
			children = (
				47FE990A14FAE0840076775C /* en */,
			);
			name = InfoPlist.strings;
			sourceTree = "<group>";
		};
		47FE991514FAE0840076775C /* ViewController.xib */ = {
			isa = PBXVariantGroup;
			children = (
				47FE991614FAE0840076775C /* en */,
			);
			name = ViewController.xib;
			sourceTree = "<group>";
		};
/* End PBXVariantGroup section */

/* Begin XCBuildConfiguration section */
		47FE991814FAE0840076775C /* Debug */ = {
			isa = XCBuildConfiguration;
			buildSettings = {
				ALWAYS_SEARCH_USER_PATHS = NO;
				ARCHS = "$(ARCHS_STANDARD_32_BIT)";
				"CODE_SIGN_IDENTITY[sdk=iphoneos*]" = "iPhone Developer";
				COPY_PHASE_STRIP = NO;
				GCC_C_LANGUAGE_STANDARD = gnu99;
				GCC_DYNAMIC_NO_PIC = NO;
				GCC_OPTIMIZATION_LEVEL = 0;
				GCC_PREPROCESSOR_DEFINITIONS = (
					"DEBUG=1",
					"$(inherited)",
				);
				GCC_SYMBOLS_PRIVATE_EXTERN = NO;
				GCC_VERSION = com.apple.compilers.llvm.clang.1_0;
				GCC_WARN_ABOUT_RETURN_TYPE = YES;
				GCC_WARN_UNINITIALIZED_AUTOS = YES;
				GCC_WARN_UNUSED_VARIABLE = YES;
				IPHONEOS_DEPLOYMENT_TARGET = 5.0;
				SDKROOT = iphoneos;
			};
			name = Debug;
		};
		47FE991914FAE0840076775C /* Release */ = {
			isa = XCBuildConfiguration;
			buildSettings = {
				ALWAYS_SEARCH_USER_PATHS = NO;
				ARCHS = "$(ARCHS_STANDARD_32_BIT)";
				"CODE_SIGN_IDENTITY[sdk=iphoneos*]" = "iPhone Developer";
				COPY_PHASE_STRIP = YES;
				GCC_C_LANGUAGE_STANDARD = gnu99;
				GCC_VERSION = com.apple.compilers.llvm.clang.1_0;
				GCC_WARN_ABOUT_RETURN_TYPE = YES;
				GCC_WARN_UNINITIALIZED_AUTOS = YES;
				GCC_WARN_UNUSED_VARIABLE = YES;
				IPHONEOS_DEPLOYMENT_TARGET = 5.0;
				OTHER_CFLAGS = "-DNS_BLOCK_ASSERTIONS=1";
				SDKROOT = iphoneos;
				VALIDATE_PRODUCT = YES;
			};
			name = Release;
		};
		47FE991B14FAE0840076775C /* Debug */ = {
			isa = XCBuildConfiguration;
			buildSettings = {
				ALWAYS_SEARCH_USER_PATHS = YES;
				GCC_PRECOMPILE_PREFIX_HEADER = YES;
				GCC_PREFIX_HEADER = "SpinnerDemo/SpinnerDemo-Prefix.pch";
				HEADER_SEARCH_PATHS = "$(SRCROOT)/../SpinnerView/";
				INFOPLIST_FILE = "SpinnerDemo/SpinnerDemo-Info.plist";
				OTHER_LDFLAGS = "";
				PRODUCT_NAME = "$(TARGET_NAME)";
				WRAPPER_EXTENSION = app;
			};
			name = Debug;
		};
		47FE991C14FAE0840076775C /* Release */ = {
			isa = XCBuildConfiguration;
			buildSettings = {
				ALWAYS_SEARCH_USER_PATHS = YES;
				GCC_PRECOMPILE_PREFIX_HEADER = YES;
				GCC_PREFIX_HEADER = "SpinnerDemo/SpinnerDemo-Prefix.pch";
				HEADER_SEARCH_PATHS = "$(SRCROOT)/../SpinnerView/";
				INFOPLIST_FILE = "SpinnerDemo/SpinnerDemo-Info.plist";
				OTHER_LDFLAGS = "";
				PRODUCT_NAME = "$(TARGET_NAME)";
				WRAPPER_EXTENSION = app;
			};
			name = Release;
		};
/* End XCBuildConfiguration section */

/* Begin XCConfigurationList section */
		47FE98F614FAE0840076775C /* Build configuration list for PBXProject "SpinnerDemo" */ = {
			isa = XCConfigurationList;
			buildConfigurations = (
				47FE991814FAE0840076775C /* Debug */,
				47FE991914FAE0840076775C /* Release */,
			);
			defaultConfigurationIsVisible = 0;
			defaultConfigurationName = Release;
		};
		47FE991A14FAE0840076775C /* Build configuration list for PBXNativeTarget "SpinnerDemo" */ = {
			isa = XCConfigurationList;
			buildConfigurations = (
				47FE991B14FAE0840076775C /* Debug */,
				47FE991C14FAE0840076775C /* Release */,
			);
			defaultConfigurationIsVisible = 0;
		};
/* End XCConfigurationList section */
	};
	rootObject = 47FE98F314FAE0840076775C /* Project object */;
}
